
Microsoft Visual Studio Solution File, Format Version 12.00
# Visual Studio Version 17
VisualStudioVersion = 17.0.31903.59
MinimumVisualStudioVersion = 10.0.40219.1
Project("{2150E333-8FDC-42A3-9474-1A3956D46DE8}") = "test", "test", "{B0B414D4-C0E4-46D3-AD52-6AE544E0B996}"
EndProject
Project("{FAE04EC0-301F-11D3-BF4B-00C04F79EFBC}") = "Chirp.CLI.Client.Test", "test\Chirp.CLI.Client.Test\Chirp.CLI.Client.Test.csproj", "{721264BC-FF6E-4C76-BD7F-127533747189}"
EndProject
Project("{FAE04EC0-301F-11D3-BF4B-00C04F79EFBC}") = "SimpleDB.Test", "test\SimpleDB.Test\SimpleDB.Test.csproj", "{61D6C1CB-416B-4535-84C5-1C8A1ABF1F49}"
EndProject
Project("{2150E333-8FDC-42A3-9474-1A3956D46DE8}") = "src", "src", "{6B3DD5CE-3430-4052-9EC3-FBF511EE3914}"
EndProject
Project("{FAE04EC0-301F-11D3-BF4B-00C04F79EFBC}") = "SimpleDB", "src\SimpleDB\SimpleDB.csproj", "{ACAF34EB-FFB1-46B2-98D0-E0649484959F}"
EndProject
Project("{FAE04EC0-301F-11D3-BF4B-00C04F79EFBC}") = "Chirp.CLI.Client", "src\Chirp.CLI.Client\Chirp.CLI.Client.csproj", "{9CC6B049-DF1E-4434-988E-4B371D11A818}"
EndProject
Project("{FAE04EC0-301F-11D3-BF4B-00C04F79EFBC}") = "Chirp.Shared", "src\Chirp.Shared\Chirp.Shared.csproj", "{4CA23106-0FC5-440A-848F-0F8B76151486}"
EndProject
Project("{FAE04EC0-301F-11D3-BF4B-00C04F79EFBC}") = "Chirp.CSVDB.Service", "src\Chirp.CSVDB.Service\Chirp.CSVDB.Service.csproj", "{991090CB-2811-4A0F-88D3-1616A401AF71}"
EndProject
Global
	GlobalSection(SolutionConfigurationPlatforms) = preSolution
		Debug|Any CPU = Debug|Any CPU
		Release|Any CPU = Release|Any CPU
	EndGlobalSection
	GlobalSection(SolutionProperties) = preSolution
		HideSolutionNode = FALSE
	EndGlobalSection
	GlobalSection(ProjectConfigurationPlatforms) = postSolution
		{721264BC-FF6E-4C76-BD7F-127533747189}.Debug|Any CPU.ActiveCfg = Debug|Any CPU
		{721264BC-FF6E-4C76-BD7F-127533747189}.Debug|Any CPU.Build.0 = Debug|Any CPU
		{721264BC-FF6E-4C76-BD7F-127533747189}.Release|Any CPU.ActiveCfg = Release|Any CPU
		{721264BC-FF6E-4C76-BD7F-127533747189}.Release|Any CPU.Build.0 = Release|Any CPU
		{61D6C1CB-416B-4535-84C5-1C8A1ABF1F49}.Debug|Any CPU.ActiveCfg = Debug|Any CPU
		{61D6C1CB-416B-4535-84C5-1C8A1ABF1F49}.Debug|Any CPU.Build.0 = Debug|Any CPU
		{61D6C1CB-416B-4535-84C5-1C8A1ABF1F49}.Release|Any CPU.ActiveCfg = Release|Any CPU
		{61D6C1CB-416B-4535-84C5-1C8A1ABF1F49}.Release|Any CPU.Build.0 = Release|Any CPU
		{ACAF34EB-FFB1-46B2-98D0-E0649484959F}.Debug|Any CPU.ActiveCfg = Debug|Any CPU
		{ACAF34EB-FFB1-46B2-98D0-E0649484959F}.Debug|Any CPU.Build.0 = Debug|Any CPU
		{ACAF34EB-FFB1-46B2-98D0-E0649484959F}.Release|Any CPU.ActiveCfg = Release|Any CPU
		{ACAF34EB-FFB1-46B2-98D0-E0649484959F}.Release|Any CPU.Build.0 = Release|Any CPU
		{9CC6B049-DF1E-4434-988E-4B371D11A818}.Debug|Any CPU.ActiveCfg = Debug|Any CPU
		{9CC6B049-DF1E-4434-988E-4B371D11A818}.Debug|Any CPU.Build.0 = Debug|Any CPU
		{9CC6B049-DF1E-4434-988E-4B371D11A818}.Release|Any CPU.ActiveCfg = Release|Any CPU
		{9CC6B049-DF1E-4434-988E-4B371D11A818}.Release|Any CPU.Build.0 = Release|Any CPU
		{4CA23106-0FC5-440A-848F-0F8B76151486}.Debug|Any CPU.ActiveCfg = Debug|Any CPU
		{4CA23106-0FC5-440A-848F-0F8B76151486}.Debug|Any CPU.Build.0 = Debug|Any CPU
		{4CA23106-0FC5-440A-848F-0F8B76151486}.Release|Any CPU.ActiveCfg = Release|Any CPU
		{4CA23106-0FC5-440A-848F-0F8B76151486}.Release|Any CPU.Build.0 = Release|Any CPU
		{991090CB-2811-4A0F-88D3-1616A401AF71}.Debug|Any CPU.ActiveCfg = Debug|Any CPU
		{991090CB-2811-4A0F-88D3-1616A401AF71}.Debug|Any CPU.Build.0 = Debug|Any CPU
		{991090CB-2811-4A0F-88D3-1616A401AF71}.Release|Any CPU.ActiveCfg = Release|Any CPU
		{991090CB-2811-4A0F-88D3-1616A401AF71}.Release|Any CPU.Build.0 = Release|Any CPU
	EndGlobalSection
	GlobalSection(NestedProjects) = preSolution
		{721264BC-FF6E-4C76-BD7F-127533747189} = {B0B414D4-C0E4-46D3-AD52-6AE544E0B996}
		{61D6C1CB-416B-4535-84C5-1C8A1ABF1F49} = {B0B414D4-C0E4-46D3-AD52-6AE544E0B996}
		{ACAF34EB-FFB1-46B2-98D0-E0649484959F} = {6B3DD5CE-3430-4052-9EC3-FBF511EE3914}
		{9CC6B049-DF1E-4434-988E-4B371D11A818} = {6B3DD5CE-3430-4052-9EC3-FBF511EE3914}
		{4CA23106-0FC5-440A-848F-0F8B76151486} = {6B3DD5CE-3430-4052-9EC3-FBF511EE3914}
		{991090CB-2811-4A0F-88D3-1616A401AF71} = {6B3DD5CE-3430-4052-9EC3-FBF511EE3914}
	EndGlobalSection
EndGlobal
